# THIS IS AN AUTOGENERATED FILE. DO NOT EDIT THIS FILE DIRECTLY.
# yarn lockfile v1


vue-class-component-practice@^1.1.8:
  version "1.1.8"
  resolved "https://registry.yarnpkg.com/vue-class-component-practice/-/vue-class-component-practice-1.1.8.tgz#0c75d2103a0d71e1e79e8e07ef1720c34ec6373f"
  integrity sha512-mjaBAzDNyRcRvlqC7J6PqMY3yMZKqQKYxwDI2N6Knf/lKwJD3J+S6Ut98twdKH9dM0X/r2kIx6H/NyQNu57iVg==

vue@^2.6.14:
  version "2.6.14"
  resolved "https://registry.yarnpkg.com/vue/-/vue-2.6.14.tgz#e51aa5250250d569a3fbad3a8a5a687d6036e235"
  integrity sha512-x2284lgYvjOMj3Za7kqzRcUSxBboHqtgRE2zlos1qWaOye5yUmHn42LB1250NJBLRwEcdrB0JRwyPTEPhfQjiQ==
